// !$*UTF8*$!
{
	archiveVersion = 1;
	classes = {
	};
	objectVersion = 50;
	objects = {

/* Begin PBXBuildFile section */
		193C000523C222F30019B368 /* AppDelegate.m in Sources */ = {isa = PBXBuildFile; fileRef = 193C000423C222F30019B368 /* AppDelegate.m */; };
		193C000823C222F30019B368 /* SceneDelegate.m in Sources */ = {isa = PBXBuildFile; fileRef = 193C000723C222F30019B368 /* SceneDelegate.m */; };
		193C000B23C222F30019B368 /* ViewController.m in Sources */ = {isa = PBXBuildFile; fileRef = 193C000A23C222F30019B368 /* ViewController.m */; };
		193C000E23C222F30019B368 /* Main.storyboard in Resources */ = {isa = PBXBuildFile; fileRef = 193C000C23C222F30019B368 /* Main.storyboard */; };
		193C001023C222F40019B368 /* Assets.xcassets in Resources */ = {isa = PBXBuildFile; fileRef = 193C000F23C222F40019B368 /* Assets.xcassets */; };
		193C001323C222F40019B368 /* LaunchScreen.storyboard in Resources */ = {isa = PBXBuildFile; fileRef = 193C001123C222F40019B368 /* LaunchScreen.storyboard */; };
		193C001623C222F40019B368 /* main.m in Sources */ = {isa = PBXBuildFile; fileRef = 193C001523C222F40019B368 /* main.m */; };
		193C001E23C224620019B368 /* ParentClass.m in Sources */ = {isa = PBXBuildFile; fileRef = 193C001D23C224620019B368 /* ParentClass.m */; };
		198E361C23C44AD700B96B47 /* ChildClass.m in Sources */ = {isa = PBXBuildFile; fileRef = 198E361B23C44AD700B96B47 /* ChildClass.m */; };
/* End PBXBuildFile section */

/* Begin PBXFileReference section */
		193C000023C222F30019B368 /* FunctionTests.app */ = {isa = PBXFileReference; explicitFileType = wrapper.application; includeInIndex = 0; path = FunctionTests.app; sourceTree = BUILT_PRODUCTS_DIR; };
		193C000323C222F30019B368 /* AppDelegate.h */ = {isa = PBXFileReference; lastKnownFileType = sourcecode.c.h; path = AppDelegate.h; sourceTree = "<group>"; };
		193C000423C222F30019B368 /* AppDelegate.m */ = {isa = PBXFileReference; lastKnownFileType = sourcecode.c.objc; path = AppDelegate.m; sourceTree = "<group>"; };
		193C000623C222F30019B368 /* SceneDelegate.h */ = {isa = PBXFileReference; lastKnownFileType = sourcecode.c.h; path = SceneDelegate.h; sourceTree = "<group>"; };
		193C000723C222F30019B368 /* SceneDelegate.m */ = {isa = PBXFileReference; lastKnownFileType = sourcecode.c.objc; path = SceneDelegate.m; sourceTree = "<group>"; };
		193C000923C222F30019B368 /* ViewController.h */ = {isa = PBXFileReference; lastKnownFileType = sourcecode.c.h; path = ViewController.h; sourceTree = "<group>"; };
		193C000A23C222F30019B368 /* ViewController.m */ = {isa = PBXFileReference; lastKnownFileType = sourcecode.c.objc; path = ViewController.m; sourceTree = "<group>"; };
		193C000D23C222F30019B368 /* Base */ = {isa = PBXFileReference; lastKnownFileType = file.storyboard; name = Base; path = Base.lproj/Main.storyboard; sourceTree = "<group>"; };
		193C000F23C222F40019B368 /* Assets.xcassets */ = {isa = PBXFileReference; lastKnownFileType = folder.assetcatalog; path = Assets.xcassets; sourceTree = "<group>"; };
		193C001223C222F40019B368 /* Base */ = {isa = PBXFileReference; lastKnownFileType = file.storyboard; name = Base; path = Base.lproj/LaunchScreen.storyboard; sourceTree = "<group>"; };
		193C001423C222F40019B368 /* Info.plist */ = {isa = PBXFileReference; lastKnownFileType = text.plist.xml; path = Info.plist; sourceTree = "<group>"; };
		193C001523C222F40019B368 /* main.m */ = {isa = PBXFileReference; lastKnownFileType = sourcecode.c.objc; path = main.m; sourceTree = "<group>"; };
		193C001C23C224620019B368 /* ParentClass.h */ = {isa = PBXFileReference; lastKnownFileType = sourcecode.c.h; path = ParentClass.h; sourceTree = "<group>"; };
		193C001D23C224620019B368 /* ParentClass.m */ = {isa = PBXFileReference; lastKnownFileType = sourcecode.c.objc; path = ParentClass.m; sourceTree = "<group>"; };
		198E361A23C44AD700B96B47 /* ChildClass.h */ = {isa = PBXFileReference; lastKnownFileType = sourcecode.c.h; path = ChildClass.h; sourceTree = "<group>"; };
		198E361B23C44AD700B96B47 /* ChildClass.m */ = {isa = PBXFileReference; lastKnownFileType = sourcecode.c.objc; path = ChildClass.m; sourceTree = "<group>"; };
/* End PBXFileReference section */

/* Begin PBXFrameworksBuildPhase section */
		193CFFFD23C222F30019B368 /* Frameworks */ = {
			isa = PBXFrameworksBuildPhase;
			buildActionMask = 2147483647;
			files = (
			);
			runOnlyForDeploymentPostprocessing = 0;
		};
/* End PBXFrameworksBuildPhase section */

/* Begin PBXGroup section */
		193C000123C222F30019B368 /* Products */ = {
			isa = PBXGroup;
			children = (
				193C000023C222F30019B368 /* FunctionTests.app */,
			);
			name = Products;
			sourceTree = "<group>";
		};
		193C000223C222F30019B368 /* FunctionTests */ = {
			isa = PBXGroup;
			children = (
				193C001C23C224620019B368 /* ParentClass.h */,
				193C001D23C224620019B368 /* ParentClass.m */,
				198E361A23C44AD700B96B47 /* ChildClass.h */,
				198E361B23C44AD700B96B47 /* ChildClass.m */,
				193C000323C222F30019B368 /* AppDelegate.h */,
				193C000423C222F30019B368 /* AppDelegate.m */,
				193C000623C222F30019B368 /* SceneDelegate.h */,
				193C000723C222F30019B368 /* SceneDelegate.m */,
				193C000923C222F30019B368 /* ViewController.h */,
				193C000A23C222F30019B368 /* ViewController.m */,
				193C000C23C222F30019B368 /* Main.storyboard */,
				193C000F23C222F40019B368 /* Assets.xcassets */,
				193C001123C222F40019B368 /* LaunchScreen.storyboard */,
				193C001423C222F40019B368 /* Info.plist */,
				193C001523C222F40019B368 /* main.m */,
			);
			path = FunctionTests;
			sourceTree = "<group>";
		};
		193CFFF723C222F30019B368 = {
			isa = PBXGroup;
			children = (
				193C000223C222F30019B368 /* FunctionTests */,
				193C000123C222F30019B368 /* Products */,
			);
			sourceTree = "<group>";
		};
/* End PBXGroup section */

/* Begin PBXNativeTarget section */
		193CFFFF23C222F30019B368 /* FunctionTests */ = {
			isa = PBXNativeTarget;
			buildConfigurationList = 193C001923C222F40019B368 /* Build configuration list for PBXNativeTarget "FunctionTests" */;
			buildPhases = (
				193CFFFC23C222F30019B368 /* Sources */,
				193CFFFD23C222F30019B368 /* Frameworks */,
				193CFFFE23C222F30019B368 /* Resources */,
			);
			buildRules = (
			);
			dependencies = (
			);
			name = FunctionTests;
			productName = FunctionTests;
			productReference = 193C000023C222F30019B368 /* FunctionTests.app */;
			productType = "com.apple.product-type.application";
		};
/* End PBXNativeTarget section */

/* Begin PBXProject section */
		193CFFF823C222F30019B368 /* Project object */ = {
			isa = PBXProject;
			attributes = {
				LastUpgradeCheck = 1130;
				ORGANIZATIONNAME = "Damir Lutfullin";
				TargetAttributes = {
					193CFFFF23C222F30019B368 = {
						CreatedOnToolsVersion = 11.3;
					};
				};
			};
			buildConfigurationList = 193CFFFB23C222F30019B368 /* Build configuration list for PBXProject "FunctionTests" */;
			compatibilityVersion = "Xcode 9.3";
			developmentRegion = en;
			hasScannedForEncodings = 0;
			knownRegions = (
				en,
				Base,
			);
			mainGroup = 193CFFF723C222F30019B368;
			productRefGroup = 193C000123C222F30019B368 /* Products */;
			projectDirPath = "";
			projectRoot = "";
			targets = (
				193CFFFF23C222F30019B368 /* FunctionTests */,
			);
		};
/* End PBXProject section */

/* Begin PBXResourcesBuildPhase section */
		193CFFFE23C222F30019B368 /* Resources */ = {
			isa = PBXResourcesBuildPhase;
			buildActionMask = 2147483647;
			files = (
				193C001323C222F40019B368 /* LaunchScreen.storyboard in Resources */,
				193C001023C222F40019B368 /* Assets.xcassets in Resources */,
				193C000E23C222F30019B368 /* Main.storyboard in Resources */,
			);
			runOnlyForDeploymentPostprocessing = 0;
		};
/* End PBXResourcesBuildPhase section */

/* Begin PBXSourcesBuildPhase section */
		193CFFFC23C222F30019B368 /* Sources */ = {
			isa = PBXSourcesBuildPhase;
			buildActionMask = 2147483647;
			files = (
				193C000B23C222F30019B368 /* ViewController.m in Sources */,
				193C000523C222F30019B368 /* AppDelegate.m in Sources */,
				193C001623C222F40019B368 /* main.m in Sources */,
				198E361C23C44AD700B96B47 /* ChildClass.m in Sources */,
				193C000823C222F30019B368 /* SceneDelegate.m in Sources */,
				193C001E23C224620019B368 /* ParentClass.m in Sources */,
			);
			runOnlyForDeploymentPostprocessing = 0;
		};
/* End PBXSourcesBuildPhase section */

/* Begin PBXVariantGroup section */
		193C000C23C222F30019B368 /* Main.storyboard */ = {
			isa = PBXVariantGroup;
			children = (
				193C000D23C222F30019B368 /* Base */,
			);
			name = Main.storyboard;
			sourceTree = "<group>";
		};
		193C001123C222F40019B368 /* LaunchScreen.storyboard */ = {
			isa = PBXVariantGroup;
			children = (
				193C001223C222F40019B368 /* Base */,
			);
			name = LaunchScreen.storyboard;
			sourceTree = "<group>";
		};
/* End PBXVariantGroup section */

/* Begin XCBuildConfiguration section */
		193C001723C222F40019B368 /* Debug */ = {
			isa = XCBuildConfiguration;
			buildSettings = {
				ALWAYS_SEARCH_USER_PATHS = NO;
				CLANG_ANALYZER_NONNULL = YES;
				CLANG_ANALYZER_NUMBER_OBJECT_CONVERSION = YES_AGGRESSIVE;
				CLANG_CXX_LANGUAGE_STANDARD = "gnu++14";
				CLANG_CXX_LIBRARY = "libc++";
				CLANG_ENABLE_MODULES = YES;
				CLANG_ENABLE_OBJC_ARC = YES;
				CLANG_ENABLE_OBJC_WEAK = YES;
				CLANG_WARN_BLOCK_CAPTURE_AUTORELEASING = YES;
				CLANG_WARN_BOOL_CONVERSION = YES;
				CLANG_WARN_COMMA = YES;
				CLANG_WARN_CONSTANT_CONVERSION = YES;
				CLANG_WARN_DEPRECATED_OBJC_IMPLEMENTATIONS = YES;
				CLANG_WARN_DIRECT_OBJC_ISA_USAGE = YES_ERROR;
				CLANG_WARN_DOCUMENTATION_COMMENTS = YES;
				CLANG_WARN_EMPTY_BODY = YES;
				CLANG_WARN_ENUM_CONVERSION = YES;
				CLANG_WARN_INFINITE_RECURSION = YES;
				CLANG_WARN_INT_CONVERSION = YES;
				CLANG_WARN_NON_LITERAL_NULL_CONVERSION = YES;
				CLANG_WARN_OBJC_IMPLICIT_RETAIN_SELF = YES;
				CLANG_WARN_OBJC_LITERAL_CONVERSION = YES;
				CLANG_WARN_OBJC_ROOT_CLASS = YES_ERROR;
				CLANG_WARN_RANGE_LOOP_ANALYSIS = YES;
				CLANG_WARN_STRICT_PROTOTYPES = YES;
				CLANG_WARN_SUSPICIOUS_MOVE = YES;
				CLANG_WARN_UNGUARDED_AVAILABILITY = YES_AGGRESSIVE;
				CLANG_WARN_UNREACHABLE_CODE = YES;
				CLANG_WARN__DUPLICATE_METHOD_MATCH = YES;
				COPY_PHASE_STRIP = NO;
				DEBUG_INFORMATION_FORMAT = dwarf;
				ENABLE_STRICT_OBJC_MSGSEND = YES;
				ENABLE_TESTABILITY = YES;
				GCC_C_LANGUAGE_STANDARD = gnu11;
				GCC_DYNAMIC_NO_PIC = NO;
				GCC_NO_COMMON_BLOCKS = YES;
				GCC_OPTIMIZATION_LEVEL = 0;
				GCC_PREPROCESSOR_DEFINITIONS = (
					"DEBUG=1",
					"$(inherited)",
				);
				GCC_WARN_64_TO_32_BIT_CONVERSION = YES;
				GCC_WARN_ABOUT_RETURN_TYPE = YES_ERROR;
				GCC_WARN_UNDECLARED_SELECTOR = YES;
				GCC_WARN_UNINITIALIZED_AUTOS = YES_AGGRESSIVE;
				GCC_WARN_UNUSED_FUNCTION = YES;
				GCC_WARN_UNUSED_VARIABLE = YES;
				IPHONEOS_DEPLOYMENT_TARGET = 13.2;
				MTL_ENABLE_DEBUG_INFO = INCLUDE_SOURCE;
				MTL_FAST_MATH = YES;
				ONLY_ACTIVE_ARCH = YES;
				SDKROOT = iphoneos;
			};
			name = Debug;
		};
		193C001823C222F40019B368 /* Release */ = {
			isa = XCBuildConfiguration;
			buildSettings = {
				ALWAYS_SEARCH_USER_PATHS = NO;
				CLANG_ANALYZER_NONNULL = YES;
				CLANG_ANALYZER_NUMBER_OBJECT_CONVERSION = YES_AGGRESSIVE;
				CLANG_CXX_LANGUAGE_STANDARD = "gnu++14";
				CLANG_CXX_LIBRARY = "libc++";
				CLANG_ENABLE_MODULES = YES;
				CLANG_ENABLE_OBJC_ARC = YES;
				CLANG_ENABLE_OBJC_WEAK = YES;
				CLANG_WARN_BLOCK_CAPTURE_AUTORELEASING = YES;
				CLANG_WARN_BOOL_CONVERSION = YES;
				CLANG_WARN_COMMA = YES;
				CLANG_WARN_CONSTANT_CONVERSION = YES;
				CLANG_WARN_DEPRECATED_OBJC_IMPLEMENTATIONS = YES;
				CLANG_WARN_DIRECT_OBJC_ISA_USAGE = YES_ERROR;
				CLANG_WARN_DOCUMENTATION_COMMENTS = YES;
				CLANG_WARN_EMPTY_BODY = YES;
				CLANG_WARN_ENUM_CONVERSION = YES;
				CLANG_WARN_INFINITE_RECURSION = YES;
				CLANG_WARN_INT_CONVERSION = YES;
				CLANG_WARN_NON_LITERAL_NULL_CONVERSION = YES;
				CLANG_WARN_OBJC_IMPLICIT_RETAIN_SELF = YES;
				CLANG_WARN_OBJC_LITERAL_CONVERSION = YES;
				CLANG_WARN_OBJC_ROOT_CLASS = YES_ERROR;
				CLANG_WARN_RANGE_LOOP_ANALYSIS = YES;
				CLANG_WARN_STRICT_PROTOTYPES = YES;
				CLANG_WARN_SUSPICIOUS_MOVE = YES;
				CLANG_WARN_UNGUARDED_AVAILABILITY = YES_AGGRESSIVE;
				CLANG_WARN_UNREACHABLE_CODE = YES;
				CLANG_WARN__DUPLICATE_METHOD_MATCH = YES;
				COPY_PHASE_STRIP = NO;
				DEBUG_INFORMATION_FORMAT = "dwarf-with-dsym";
				ENABLE_NS_ASSERTIONS = NO;
				ENABLE_STRICT_OBJC_MSGSEND = YES;
				GCC_C_LANGUAGE_STANDARD = gnu11;
				GCC_NO_COMMON_BLOCKS = YES;
				GCC_WARN_64_TO_32_BIT_CONVERSION = YES;
				GCC_WARN_ABOUT_RETURN_TYPE = YES_ERROR;
				GCC_WARN_UNDECLARED_SELECTOR = YES;
				GCC_WARN_UNINITIALIZED_AUTOS = YES_AGGRESSIVE;
				GCC_WARN_UNUSED_FUNCTION = YES;
				GCC_WARN_UNUSED_VARIABLE = YES;
				IPHONEOS_DEPLOYMENT_TARGET = 13.2;
				MTL_ENABLE_DEBUG_INFO = NO;
				MTL_FAST_MATH = YES;
				SDKROOT = iphoneos;
				VALIDATE_PRODUCT = YES;
			};
			name = Release;
		};
		193C001A23C222F40019B368 /* Debug */ = {
			isa = XCBuildConfiguration;
			buildSettings = {
				ASSETCATALOG_COMPILER_APPICON_NAME = AppIcon;
				CODE_SIGN_STYLE = Automatic;
				DEVELOPMENT_TEAM = TQU76263MV;
				INFOPLIST_FILE = FunctionTests/Info.plist;
				LD_RUNPATH_SEARCH_PATHS = (
					"$(inherited)",
					"@executable_path/Frameworks",
				);
				PRODUCT_BUNDLE_IDENTIFIER = DamirLutfullin.FunctionTests;
				PRODUCT_NAME = "$(TARGET_NAME)";
				TARGETED_DEVICE_FAMILY = "1,2";
			};
			name = Debug;
		};
		193C001B23C222F40019B368 /* Release */ = {
			isa = XCBuildConfiguration;
			buildSettings = {
				ASSETCATALOG_COMPILER_APPICON_NAME = AppIcon;
				CODE_SIGN_STYLE = Automatic;
				DEVELOPMENT_TEAM = TQU76263MV;
				INFOPLIST_FILE = FunctionTests/Info.plist;
				LD_RUNPATH_SEARCH_PATHS = (
					"$(inherited)",
					"@executable_path/Frameworks",
				);
				PRODUCT_BUNDLE_IDENTIFIER = DamirLutfullin.FunctionTests;
				PRODUCT_NAME = "$(TARGET_NAME)";
				TARGETED_DEVICE_FAMILY = "1,2";
			};
			name = Release;
		};
/* End XCBuildConfiguration section */

/* Begin XCConfigurationList section */
		193C001923C222F40019B368 /* Build configuration list for PBXNativeTarget "FunctionTests" */ = {
			isa = XCConfigurationList;
			buildConfigurations = (
				193C001A23C222F40019B368 /* Debug */,
				193C001B23C222F40019B368 /* Release */,
			);
			defaultConfigurationIsVisible = 0;
			defaultConfigurationName = Release;
		};
		193CFFFB23C222F30019B368 /* Build configuration list for PBXProject "FunctionTests" */ = {
			isa = XCConfigurationList;
			buildConfigurations = (
				193C001723C222F40019B368 /* Debug */,
				193C001823C222F40019B368 /* Release */,
			);
			defaultConfigurationIsVisible = 0;
			defaultConfigurationName = Release;
		};
/* End XCConfigurationList section */
	};
	rootObject = 193CFFF823C222F30019B368 /* Project object */;
}
